
Microsoft Visual Studio Solution File, Format Version 12.00
Project("{FAE04EC0-301F-11D3-BF4B-00C04F79EFBC}") = "TaskEase.ApiGateway", "TaskEase.ApiGateway\TaskEase.ApiGateway.csproj", "{5AB7B876-498A-487B-B03E-C9CE1E277FE7}"
EndProject
Project("{FAE04EC0-301F-11D3-BF4B-00C04F79EFBC}") = "TaskEase.Domain", "TaskEase.Domain\TaskEase.Domain.csproj", "{0CF6957D-5A40-4C90-8F0A-3F80BDCB6DAD}"
EndProject
Project("{FAE04EC0-301F-11D3-BF4B-00C04F79EFBC}") = "TaskEase.IdentityApi", "TaskEase.IdentityApi\TaskEase.IdentityApi.csproj", "{866B4216-AD59-4F46-BA0C-29B0BBB5EEAC}"
EndProject
Project("{FAE04EC0-301F-11D3-BF4B-00C04F79EFBC}") = "TaskEase.BoardTasksApi", "TaskEase.BoardTasksApi\TaskEase.BoardTasksApi.csproj", "{2748CBE7-E4EB-4EC9-951E-4D3F1D1075DF}"
EndProject
Project("{FAE04EC0-301F-11D3-BF4B-00C04F79EFBC}") = "TaskEase.Core", "TaskEase.Core\TaskEase.Core.csproj", "{EFA2DDCA-24DD-4F0C-ACDD-D273E0565CC5}"
EndProject
Project("{FAE04EC0-301F-11D3-BF4B-00C04F79EFBC}") = "TaskEase.Infrastructure", "TaskEase.Infrastructure\TaskEase.Infrastructure.csproj", "{A299CB63-FEF5-46B5-9D2D-EB8368FCF114}"
EndProject
Project("{FAE04EC0-301F-11D3-BF4B-00C04F79EFBC}") = "TaskEase.UsersApi", "TaskEase.UsersApi\TaskEase.UsersApi.csproj", "{BD7F9C83-C1EB-49F8-9213-8E0F9F3717E2}"
EndProject
Project("{2150E333-8FDC-42A3-9474-1A3956D46DE8}") = "Solution Items", "Solution Items", "{03B63FC7-127D-4B0C-9B92-6658D203A947}"
	ProjectSection(SolutionItems) = preProject
		docker-compose.yml = docker-compose.yml
	EndProjectSection
EndProject
Global
	GlobalSection(SolutionConfigurationPlatforms) = preSolution
		Debug|Any CPU = Debug|Any CPU
		Release|Any CPU = Release|Any CPU
	EndGlobalSection
	GlobalSection(ProjectConfigurationPlatforms) = postSolution
		{5AB7B876-498A-487B-B03E-C9CE1E277FE7}.Debug|Any CPU.ActiveCfg = Debug|Any CPU
		{5AB7B876-498A-487B-B03E-C9CE1E277FE7}.Debug|Any CPU.Build.0 = Debug|Any CPU
		{5AB7B876-498A-487B-B03E-C9CE1E277FE7}.Release|Any CPU.ActiveCfg = Release|Any CPU
		{5AB7B876-498A-487B-B03E-C9CE1E277FE7}.Release|Any CPU.Build.0 = Release|Any CPU
		{0CF6957D-5A40-4C90-8F0A-3F80BDCB6DAD}.Debug|Any CPU.ActiveCfg = Debug|Any CPU
		{0CF6957D-5A40-4C90-8F0A-3F80BDCB6DAD}.Debug|Any CPU.Build.0 = Debug|Any CPU
		{0CF6957D-5A40-4C90-8F0A-3F80BDCB6DAD}.Release|Any CPU.ActiveCfg = Release|Any CPU
		{0CF6957D-5A40-4C90-8F0A-3F80BDCB6DAD}.Release|Any CPU.Build.0 = Release|Any CPU
		{866B4216-AD59-4F46-BA0C-29B0BBB5EEAC}.Debug|Any CPU.ActiveCfg = Debug|Any CPU
		{866B4216-AD59-4F46-BA0C-29B0BBB5EEAC}.Debug|Any CPU.Build.0 = Debug|Any CPU
		{866B4216-AD59-4F46-BA0C-29B0BBB5EEAC}.Release|Any CPU.ActiveCfg = Release|Any CPU
		{866B4216-AD59-4F46-BA0C-29B0BBB5EEAC}.Release|Any CPU.Build.0 = Release|Any CPU
		{2748CBE7-E4EB-4EC9-951E-4D3F1D1075DF}.Debug|Any CPU.ActiveCfg = Debug|Any CPU
		{2748CBE7-E4EB-4EC9-951E-4D3F1D1075DF}.Debug|Any CPU.Build.0 = Debug|Any CPU
		{2748CBE7-E4EB-4EC9-951E-4D3F1D1075DF}.Release|Any CPU.ActiveCfg = Release|Any CPU
		{2748CBE7-E4EB-4EC9-951E-4D3F1D1075DF}.Release|Any CPU.Build.0 = Release|Any CPU
		{EFA2DDCA-24DD-4F0C-ACDD-D273E0565CC5}.Debug|Any CPU.ActiveCfg = Debug|Any CPU
		{EFA2DDCA-24DD-4F0C-ACDD-D273E0565CC5}.Debug|Any CPU.Build.0 = Debug|Any CPU
		{EFA2DDCA-24DD-4F0C-ACDD-D273E0565CC5}.Release|Any CPU.ActiveCfg = Release|Any CPU
		{EFA2DDCA-24DD-4F0C-ACDD-D273E0565CC5}.Release|Any CPU.Build.0 = Release|Any CPU
		{A299CB63-FEF5-46B5-9D2D-EB8368FCF114}.Debug|Any CPU.ActiveCfg = Debug|Any CPU
		{A299CB63-FEF5-46B5-9D2D-EB8368FCF114}.Debug|Any CPU.Build.0 = Debug|Any CPU
		{A299CB63-FEF5-46B5-9D2D-EB8368FCF114}.Release|Any CPU.ActiveCfg = Release|Any CPU
		{A299CB63-FEF5-46B5-9D2D-EB8368FCF114}.Release|Any CPU.Build.0 = Release|Any CPU
		{BD7F9C83-C1EB-49F8-9213-8E0F9F3717E2}.Debug|Any CPU.ActiveCfg = Debug|Any CPU
		{BD7F9C83-C1EB-49F8-9213-8E0F9F3717E2}.Debug|Any CPU.Build.0 = Debug|Any CPU
		{BD7F9C83-C1EB-49F8-9213-8E0F9F3717E2}.Release|Any CPU.ActiveCfg = Release|Any CPU
		{BD7F9C83-C1EB-49F8-9213-8E0F9F3717E2}.Release|Any CPU.Build.0 = Release|Any CPU
	EndGlobalSection
EndGlobal
